// !$*UTF8*$!
{
	archiveVersion = 1;
	classes = {
	};
	objectVersion = 56;
	objects = {

/* Begin PBXBuildFile section */
		2DDFA09F2A0154A9005AA17F /* AppDelegate.swift in Sources */ = {isa = PBXBuildFile; fileRef = 2DDFA09E2A0154A9005AA17F /* AppDelegate.swift */; };
		2DDFA0A12A0154A9005AA17F /* SceneDelegate.swift in Sources */ = {isa = PBXBuildFile; fileRef = 2DDFA0A02A0154A9005AA17F /* SceneDelegate.swift */; };
		2DDFA0A62A0154A9005AA17F /* Main.storyboard in Resources */ = {isa = PBXBuildFile; fileRef = 2DDFA0A42A0154A9005AA17F /* Main.storyboard */; };
		2DDFA0A92A0154A9005AA17F /* WeatherApp.xcdatamodeld in Sources */ = {isa = PBXBuildFile; fileRef = 2DDFA0A72A0154A9005AA17F /* WeatherApp.xcdatamodeld */; };
		2DDFA0AB2A0154AB005AA17F /* Assets.xcassets in Resources */ = {isa = PBXBuildFile; fileRef = 2DDFA0AA2A0154AB005AA17F /* Assets.xcassets */; };
		2DDFA0AE2A0154AB005AA17F /* LaunchScreen.storyboard in Resources */ = {isa = PBXBuildFile; fileRef = 2DDFA0AC2A0154AB005AA17F /* LaunchScreen.storyboard */; };
		2DDFA0B92A0154AB005AA17F /* WeatherAppTests.swift in Sources */ = {isa = PBXBuildFile; fileRef = 2DDFA0B82A0154AB005AA17F /* WeatherAppTests.swift */; };
		2DDFA0C32A0154AB005AA17F /* WeatherAppUITests.swift in Sources */ = {isa = PBXBuildFile; fileRef = 2DDFA0C22A0154AB005AA17F /* WeatherAppUITests.swift */; };
		2DDFA0C52A0154AB005AA17F /* WeatherAppUITestsLaunchTests.swift in Sources */ = {isa = PBXBuildFile; fileRef = 2DDFA0C42A0154AB005AA17F /* WeatherAppUITestsLaunchTests.swift */; };
		2DDFA0D72A0155CA005AA17F /* CurrentWeatherViewController.swift in Sources */ = {isa = PBXBuildFile; fileRef = 2DDFA0D62A0155CA005AA17F /* CurrentWeatherViewController.swift */; };
		2DDFA0D92A0155D3005AA17F /* WeatherForecastViewController.swift in Sources */ = {isa = PBXBuildFile; fileRef = 2DDFA0D82A0155D3005AA17F /* WeatherForecastViewController.swift */; };
		2DDFA0DB2A0155DD005AA17F /* Weather.swift in Sources */ = {isa = PBXBuildFile; fileRef = 2DDFA0DA2A0155DD005AA17F /* Weather.swift */; };
		2DDFA0DD2A0155E6005AA17F /* Forecast.swift in Sources */ = {isa = PBXBuildFile; fileRef = 2DDFA0DC2A0155E6005AA17F /* Forecast.swift */; };
		2DDFA0DF2A0155EF005AA17F /* WeatherData.swift in Sources */ = {isa = PBXBuildFile; fileRef = 2DDFA0DE2A0155EF005AA17F /* WeatherData.swift */; };
		2DDFA0E12A0155F7005AA17F /* ForecastData.swift in Sources */ = {isa = PBXBuildFile; fileRef = 2DDFA0E02A0155F7005AA17F /* ForecastData.swift */; };
		2DDFA0E52A015608005AA17F /* WeatherService.swift in Sources */ = {isa = PBXBuildFile; fileRef = 2DDFA0E42A015608005AA17F /* WeatherService.swift */; };
		2DDFA0E72A015610005AA17F /* Constants.swift in Sources */ = {isa = PBXBuildFile; fileRef = 2DDFA0E62A015610005AA17F /* Constants.swift */; };
		2DDFA0EA2A02B57B005AA17F /* WeatherForecastCell.swift in Sources */ = {isa = PBXBuildFile; fileRef = 2DDFA0E82A02B57B005AA17F /* WeatherForecastCell.swift */; };
		2DDFA0EB2A02B57B005AA17F /* WeatherForecastCell.xib in Resources */ = {isa = PBXBuildFile; fileRef = 2DDFA0E92A02B57B005AA17F /* WeatherForecastCell.xib */; };
/* End PBXBuildFile section */

/* Begin PBXContainerItemProxy section */
		2DDFA0B52A0154AB005AA17F /* PBXContainerItemProxy */ = {
			isa = PBXContainerItemProxy;
			containerPortal = 2DDFA0932A0154A9005AA17F /* Project object */;
			proxyType = 1;
			remoteGlobalIDString = 2DDFA09A2A0154A9005AA17F;
			remoteInfo = WeatherApp;
		};
		2DDFA0BF2A0154AB005AA17F /* PBXContainerItemProxy */ = {
			isa = PBXContainerItemProxy;
			containerPortal = 2DDFA0932A0154A9005AA17F /* Project object */;
			proxyType = 1;
			remoteGlobalIDString = 2DDFA09A2A0154A9005AA17F;
			remoteInfo = WeatherApp;
		};
/* End PBXContainerItemProxy section */

/* Begin PBXFileReference section */
		2DDFA09B2A0154A9005AA17F /* WeatherApp.app */ = {isa = PBXFileReference; explicitFileType = wrapper.application; includeInIndex = 0; path = WeatherApp.app; sourceTree = BUILT_PRODUCTS_DIR; };
		2DDFA09E2A0154A9005AA17F /* AppDelegate.swift */ = {isa = PBXFileReference; lastKnownFileType = sourcecode.swift; path = AppDelegate.swift; sourceTree = "<group>"; };
		2DDFA0A02A0154A9005AA17F /* SceneDelegate.swift */ = {isa = PBXFileReference; lastKnownFileType = sourcecode.swift; path = SceneDelegate.swift; sourceTree = "<group>"; };
		2DDFA0A52A0154A9005AA17F /* Base */ = {isa = PBXFileReference; lastKnownFileType = file.storyboard; name = Base; path = Base.lproj/Main.storyboard; sourceTree = "<group>"; };
		2DDFA0A82A0154A9005AA17F /* WeatherApp.xcdatamodel */ = {isa = PBXFileReference; lastKnownFileType = wrapper.xcdatamodel; path = WeatherApp.xcdatamodel; sourceTree = "<group>"; };
		2DDFA0AA2A0154AB005AA17F /* Assets.xcassets */ = {isa = PBXFileReference; lastKnownFileType = folder.assetcatalog; path = Assets.xcassets; sourceTree = "<group>"; };
		2DDFA0AD2A0154AB005AA17F /* Base */ = {isa = PBXFileReference; lastKnownFileType = file.storyboard; name = Base; path = Base.lproj/LaunchScreen.storyboard; sourceTree = "<group>"; };
		2DDFA0AF2A0154AB005AA17F /* Info.plist */ = {isa = PBXFileReference; lastKnownFileType = text.plist.xml; path = Info.plist; sourceTree = "<group>"; };
		2DDFA0B42A0154AB005AA17F /* WeatherAppTests.xctest */ = {isa = PBXFileReference; explicitFileType = wrapper.cfbundle; includeInIndex = 0; path = WeatherAppTests.xctest; sourceTree = BUILT_PRODUCTS_DIR; };
		2DDFA0B82A0154AB005AA17F /* WeatherAppTests.swift */ = {isa = PBXFileReference; lastKnownFileType = sourcecode.swift; path = WeatherAppTests.swift; sourceTree = "<group>"; };
		2DDFA0BE2A0154AB005AA17F /* WeatherAppUITests.xctest */ = {isa = PBXFileReference; explicitFileType = wrapper.cfbundle; includeInIndex = 0; path = WeatherAppUITests.xctest; sourceTree = BUILT_PRODUCTS_DIR; };
		2DDFA0C22A0154AB005AA17F /* WeatherAppUITests.swift */ = {isa = PBXFileReference; lastKnownFileType = sourcecode.swift; path = WeatherAppUITests.swift; sourceTree = "<group>"; };
		2DDFA0C42A0154AB005AA17F /* WeatherAppUITestsLaunchTests.swift */ = {isa = PBXFileReference; lastKnownFileType = sourcecode.swift; path = WeatherAppUITestsLaunchTests.swift; sourceTree = "<group>"; };
		2DDFA0D62A0155CA005AA17F /* CurrentWeatherViewController.swift */ = {isa = PBXFileReference; lastKnownFileType = sourcecode.swift; path = CurrentWeatherViewController.swift; sourceTree = "<group>"; };
		2DDFA0D82A0155D3005AA17F /* WeatherForecastViewController.swift */ = {isa = PBXFileReference; lastKnownFileType = sourcecode.swift; path = WeatherForecastViewController.swift; sourceTree = "<group>"; };
		2DDFA0DA2A0155DD005AA17F /* Weather.swift */ = {isa = PBXFileReference; lastKnownFileType = sourcecode.swift; path = Weather.swift; sourceTree = "<group>"; };
		2DDFA0DC2A0155E6005AA17F /* Forecast.swift */ = {isa = PBXFileReference; lastKnownFileType = sourcecode.swift; path = Forecast.swift; sourceTree = "<group>"; };
		2DDFA0DE2A0155EF005AA17F /* WeatherData.swift */ = {isa = PBXFileReference; lastKnownFileType = sourcecode.swift; path = WeatherData.swift; sourceTree = "<group>"; };
		2DDFA0E02A0155F7005AA17F /* ForecastData.swift */ = {isa = PBXFileReference; lastKnownFileType = sourcecode.swift; path = ForecastData.swift; sourceTree = "<group>"; };
		2DDFA0E42A015608005AA17F /* WeatherService.swift */ = {isa = PBXFileReference; lastKnownFileType = sourcecode.swift; path = WeatherService.swift; sourceTree = "<group>"; };
		2DDFA0E62A015610005AA17F /* Constants.swift */ = {isa = PBXFileReference; lastKnownFileType = sourcecode.swift; path = Constants.swift; sourceTree = "<group>"; };
		2DDFA0E82A02B57B005AA17F /* WeatherForecastCell.swift */ = {isa = PBXFileReference; lastKnownFileType = sourcecode.swift; path = WeatherForecastCell.swift; sourceTree = "<group>"; };
		2DDFA0E92A02B57B005AA17F /* WeatherForecastCell.xib */ = {isa = PBXFileReference; lastKnownFileType = file.xib; path = WeatherForecastCell.xib; sourceTree = "<group>"; };
/* End PBXFileReference section */

/* Begin PBXFrameworksBuildPhase section */
		2DDFA0982A0154A9005AA17F /* Frameworks */ = {
			isa = PBXFrameworksBuildPhase;
			buildActionMask = 2147483647;
			files = (
			);
			runOnlyForDeploymentPostprocessing = 0;
		};
		2DDFA0B12A0154AB005AA17F /* Frameworks */ = {
			isa = PBXFrameworksBuildPhase;
			buildActionMask = 2147483647;
			files = (
			);
			runOnlyForDeploymentPostprocessing = 0;
		};
		2DDFA0BB2A0154AB005AA17F /* Frameworks */ = {
			isa = PBXFrameworksBuildPhase;
			buildActionMask = 2147483647;
			files = (
			);
			runOnlyForDeploymentPostprocessing = 0;
		};
/* End PBXFrameworksBuildPhase section */

/* Begin PBXGroup section */
		2DDFA0922A0154A9005AA17F = {
			isa = PBXGroup;
			children = (
				2DDFA09D2A0154A9005AA17F /* WeatherApp */,
				2DDFA0B72A0154AB005AA17F /* WeatherAppTests */,
				2DDFA0C12A0154AB005AA17F /* WeatherAppUITests */,
				2DDFA09C2A0154A9005AA17F /* Products */,
			);
			sourceTree = "<group>";
		};
		2DDFA09C2A0154A9005AA17F /* Products */ = {
			isa = PBXGroup;
			children = (
				2DDFA09B2A0154A9005AA17F /* WeatherApp.app */,
				2DDFA0B42A0154AB005AA17F /* WeatherAppTests.xctest */,
				2DDFA0BE2A0154AB005AA17F /* WeatherAppUITests.xctest */,
			);
			name = Products;
			sourceTree = "<group>";
		};
		2DDFA09D2A0154A9005AA17F /* WeatherApp */ = {
			isa = PBXGroup;
			children = (
				2DDFA0D52A0155BB005AA17F /* Controllers */,
				2DDFA0D42A0155B6005AA17F /* Models */,
				2DDFA0D32A0155B1005AA17F /* Views */,
				2DDFA0D22A0155AB005AA17F /* Services */,
				2DDFA0D12A01559D005AA17F /* Utils */,
				2DDFA09E2A0154A9005AA17F /* AppDelegate.swift */,
				2DDFA0A02A0154A9005AA17F /* SceneDelegate.swift */,
				2DDFA0A42A0154A9005AA17F /* Main.storyboard */,
				2DDFA0AA2A0154AB005AA17F /* Assets.xcassets */,
				2DDFA0AC2A0154AB005AA17F /* LaunchScreen.storyboard */,
				2DDFA0AF2A0154AB005AA17F /* Info.plist */,
				2DDFA0A72A0154A9005AA17F /* WeatherApp.xcdatamodeld */,
			);
			path = WeatherApp;
			sourceTree = "<group>";
		};
		2DDFA0B72A0154AB005AA17F /* WeatherAppTests */ = {
			isa = PBXGroup;
			children = (
				2DDFA0B82A0154AB005AA17F /* WeatherAppTests.swift */,
			);
			path = WeatherAppTests;
			sourceTree = "<group>";
		};
		2DDFA0C12A0154AB005AA17F /* WeatherAppUITests */ = {
			isa = PBXGroup;
			children = (
				2DDFA0C22A0154AB005AA17F /* WeatherAppUITests.swift */,
				2DDFA0C42A0154AB005AA17F /* WeatherAppUITestsLaunchTests.swift */,
			);
			path = WeatherAppUITests;
			sourceTree = "<group>";
		};
		2DDFA0D12A01559D005AA17F /* Utils */ = {
			isa = PBXGroup;
			children = (
				2DDFA0E62A015610005AA17F /* Constants.swift */,
			);
			path = Utils;
			sourceTree = "<group>";
		};
		2DDFA0D22A0155AB005AA17F /* Services */ = {
			isa = PBXGroup;
			children = (
				2DDFA0E42A015608005AA17F /* WeatherService.swift */,
			);
			path = Services;
			sourceTree = "<group>";
		};
		2DDFA0D32A0155B1005AA17F /* Views */ = {
			isa = PBXGroup;
			children = (
				2DDFA0E82A02B57B005AA17F /* WeatherForecastCell.swift */,
				2DDFA0E92A02B57B005AA17F /* WeatherForecastCell.xib */,
			);
			path = Views;
			sourceTree = "<group>";
		};
		2DDFA0D42A0155B6005AA17F /* Models */ = {
			isa = PBXGroup;
			children = (
				2DDFA0DA2A0155DD005AA17F /* Weather.swift */,
				2DDFA0DC2A0155E6005AA17F /* Forecast.swift */,
				2DDFA0DE2A0155EF005AA17F /* WeatherData.swift */,
				2DDFA0E02A0155F7005AA17F /* ForecastData.swift */,
			);
			path = Models;
			sourceTree = "<group>";
		};
		2DDFA0D52A0155BB005AA17F /* Controllers */ = {
			isa = PBXGroup;
			children = (
				2DDFA0D62A0155CA005AA17F /* CurrentWeatherViewController.swift */,
				2DDFA0D82A0155D3005AA17F /* WeatherForecastViewController.swift */,
			);
			path = Controllers;
			sourceTree = "<group>";
		};
/* End PBXGroup section */

/* Begin PBXNativeTarget section */
		2DDFA09A2A0154A9005AA17F /* WeatherApp */ = {
			isa = PBXNativeTarget;
			buildConfigurationList = 2DDFA0C82A0154AB005AA17F /* Build configuration list for PBXNativeTarget "WeatherApp" */;
			buildPhases = (
				2DDFA0972A0154A9005AA17F /* Sources */,
				2DDFA0982A0154A9005AA17F /* Frameworks */,
				2DDFA0992A0154A9005AA17F /* Resources */,
			);
			buildRules = (
			);
			dependencies = (
			);
			name = WeatherApp;
			productName = WeatherApp;
			productReference = 2DDFA09B2A0154A9005AA17F /* WeatherApp.app */;
			productType = "com.apple.product-type.application";
		};
		2DDFA0B32A0154AB005AA17F /* WeatherAppTests */ = {
			isa = PBXNativeTarget;
			buildConfigurationList = 2DDFA0CB2A0154AB005AA17F /* Build configuration list for PBXNativeTarget "WeatherAppTests" */;
			buildPhases = (
				2DDFA0B02A0154AB005AA17F /* Sources */,
				2DDFA0B12A0154AB005AA17F /* Frameworks */,
				2DDFA0B22A0154AB005AA17F /* Resources */,
			);
			buildRules = (
			);
			dependencies = (
				2DDFA0B62A0154AB005AA17F /* PBXTargetDependency */,
			);
			name = WeatherAppTests;
			productName = WeatherAppTests;
			productReference = 2DDFA0B42A0154AB005AA17F /* WeatherAppTests.xctest */;
			productType = "com.apple.product-type.bundle.unit-test";
		};
		2DDFA0BD2A0154AB005AA17F /* WeatherAppUITests */ = {
			isa = PBXNativeTarget;
			buildConfigurationList = 2DDFA0CE2A0154AB005AA17F /* Build configuration list for PBXNativeTarget "WeatherAppUITests" */;
			buildPhases = (
				2DDFA0BA2A0154AB005AA17F /* Sources */,
				2DDFA0BB2A0154AB005AA17F /* Frameworks */,
				2DDFA0BC2A0154AB005AA17F /* Resources */,
			);
			buildRules = (
			);
			dependencies = (
				2DDFA0C02A0154AB005AA17F /* PBXTargetDependency */,
			);
			name = WeatherAppUITests;
			productName = WeatherAppUITests;
			productReference = 2DDFA0BE2A0154AB005AA17F /* WeatherAppUITests.xctest */;
			productType = "com.apple.product-type.bundle.ui-testing";
		};
/* End PBXNativeTarget section */

/* Begin PBXProject section */
		2DDFA0932A0154A9005AA17F /* Project object */ = {
			isa = PBXProject;
			attributes = {
				BuildIndependentTargetsInParallel = 1;
				LastSwiftUpdateCheck = 1430;
				LastUpgradeCheck = 1430;
				TargetAttributes = {
					2DDFA09A2A0154A9005AA17F = {
						CreatedOnToolsVersion = 14.3;
					};
					2DDFA0B32A0154AB005AA17F = {
						CreatedOnToolsVersion = 14.3;
						TestTargetID = 2DDFA09A2A0154A9005AA17F;
					};
					2DDFA0BD2A0154AB005AA17F = {
						CreatedOnToolsVersion = 14.3;
						TestTargetID = 2DDFA09A2A0154A9005AA17F;
					};
				};
			};
			buildConfigurationList = 2DDFA0962A0154A9005AA17F /* Build configuration list for PBXProject "WeatherApp" */;
			compatibilityVersion = "Xcode 14.0";
			developmentRegion = en;
			hasScannedForEncodings = 0;
			knownRegions = (
				en,
				Base,
			);
			mainGroup = 2DDFA0922A0154A9005AA17F;
			productRefGroup = 2DDFA09C2A0154A9005AA17F /* Products */;
			projectDirPath = "";
			projectRoot = "";
			targets = (
				2DDFA09A2A0154A9005AA17F /* WeatherApp */,
				2DDFA0B32A0154AB005AA17F /* WeatherAppTests */,
				2DDFA0BD2A0154AB005AA17F /* WeatherAppUITests */,
			);
		};
/* End PBXProject section */

/* Begin PBXResourcesBuildPhase section */
		2DDFA0992A0154A9005AA17F /* Resources */ = {
			isa = PBXResourcesBuildPhase;
			buildActionMask = 2147483647;
			files = (
				2DDFA0AE2A0154AB005AA17F /* LaunchScreen.storyboard in Resources */,
				2DDFA0AB2A0154AB005AA17F /* Assets.xcassets in Resources */,
				2DDFA0A62A0154A9005AA17F /* Main.storyboard in Resources */,
				2DDFA0EB2A02B57B005AA17F /* WeatherForecastCell.xib in Resources */,
			);
			runOnlyForDeploymentPostprocessing = 0;
		};
		2DDFA0B22A0154AB005AA17F /* Resources */ = {
			isa = PBXResourcesBuildPhase;
			buildActionMask = 2147483647;
			files = (
			);
			runOnlyForDeploymentPostprocessing = 0;
		};
		2DDFA0BC2A0154AB005AA17F /* Resources */ = {
			isa = PBXResourcesBuildPhase;
			buildActionMask = 2147483647;
			files = (
			);
			runOnlyForDeploymentPostprocessing = 0;
		};
/* End PBXResourcesBuildPhase section */

/* Begin PBXSourcesBuildPhase section */
		2DDFA0972A0154A9005AA17F /* Sources */ = {
			isa = PBXSourcesBuildPhase;
			buildActionMask = 2147483647;
			files = (
				2DDFA0DD2A0155E6005AA17F /* Forecast.swift in Sources */,
				2DDFA0A92A0154A9005AA17F /* WeatherApp.xcdatamodeld in Sources */,
				2DDFA0EA2A02B57B005AA17F /* WeatherForecastCell.swift in Sources */,
				2DDFA0D72A0155CA005AA17F /* CurrentWeatherViewController.swift in Sources */,
				2DDFA0D92A0155D3005AA17F /* WeatherForecastViewController.swift in Sources */,
				2DDFA0E52A015608005AA17F /* WeatherService.swift in Sources */,
				2DDFA09F2A0154A9005AA17F /* AppDelegate.swift in Sources */,
				2DDFA0E72A015610005AA17F /* Constants.swift in Sources */,
				2DDFA0A12A0154A9005AA17F /* SceneDelegate.swift in Sources */,
				2DDFA0DF2A0155EF005AA17F /* WeatherData.swift in Sources */,
				2DDFA0E12A0155F7005AA17F /* ForecastData.swift in Sources */,
				2DDFA0DB2A0155DD005AA17F /* Weather.swift in Sources */,
			);
			runOnlyForDeploymentPostprocessing = 0;
		};
		2DDFA0B02A0154AB005AA17F /* Sources */ = {
			isa = PBXSourcesBuildPhase;
			buildActionMask = 2147483647;
			files = (
				2DDFA0B92A0154AB005AA17F /* WeatherAppTests.swift in Sources */,
			);
			runOnlyForDeploymentPostprocessing = 0;
		};
		2DDFA0BA2A0154AB005AA17F /* Sources */ = {
			isa = PBXSourcesBuildPhase;
			buildActionMask = 2147483647;
			files = (
				2DDFA0C32A0154AB005AA17F /* WeatherAppUITests.swift in Sources */,
				2DDFA0C52A0154AB005AA17F /* WeatherAppUITestsLaunchTests.swift in Sources */,
			);
			runOnlyForDeploymentPostprocessing = 0;
		};
/* End PBXSourcesBuildPhase section */

/* Begin PBXTargetDependency section */
		2DDFA0B62A0154AB005AA17F /* PBXTargetDependency */ = {
			isa = PBXTargetDependency;
			target = 2DDFA09A2A0154A9005AA17F /* WeatherApp */;
			targetProxy = 2DDFA0B52A0154AB005AA17F /* PBXContainerItemProxy */;
		};
		2DDFA0C02A0154AB005AA17F /* PBXTargetDependency */ = {
			isa = PBXTargetDependency;
			target = 2DDFA09A2A0154A9005AA17F /* WeatherApp */;
			targetProxy = 2DDFA0BF2A0154AB005AA17F /* PBXContainerItemProxy */;
		};
/* End PBXTargetDependency section */

/* Begin PBXVariantGroup section */
		2DDFA0A42A0154A9005AA17F /* Main.storyboard */ = {
			isa = PBXVariantGroup;
			children = (
				2DDFA0A52A0154A9005AA17F /* Base */,
			);
			name = Main.storyboard;
			sourceTree = "<group>";
		};
		2DDFA0AC2A0154AB005AA17F /* LaunchScreen.storyboard */ = {
			isa = PBXVariantGroup;
			children = (
				2DDFA0AD2A0154AB005AA17F /* Base */,
			);
			name = LaunchScreen.storyboard;
			sourceTree = "<group>";
		};
/* End PBXVariantGroup section */

/* Begin XCBuildConfiguration section */
		2DDFA0C62A0154AB005AA17F /* Debug */ = {
			isa = XCBuildConfiguration;
			buildSettings = {
				ALWAYS_SEARCH_USER_PATHS = NO;
				CLANG_ANALYZER_NONNULL = YES;
				CLANG_ANALYZER_NUMBER_OBJECT_CONVERSION = YES_AGGRESSIVE;
				CLANG_CXX_LANGUAGE_STANDARD = "gnu++20";
				CLANG_ENABLE_MODULES = YES;
				CLANG_ENABLE_OBJC_ARC = YES;
				CLANG_ENABLE_OBJC_WEAK = YES;
				CLANG_WARN_BLOCK_CAPTURE_AUTORELEASING = YES;
				CLANG_WARN_BOOL_CONVERSION = YES;
				CLANG_WARN_COMMA = YES;
				CLANG_WARN_CONSTANT_CONVERSION = YES;
				CLANG_WARN_DEPRECATED_OBJC_IMPLEMENTATIONS = YES;
				CLANG_WARN_DIRECT_OBJC_ISA_USAGE = YES_ERROR;
				CLANG_WARN_DOCUMENTATION_COMMENTS = YES;
				CLANG_WARN_EMPTY_BODY = YES;
				CLANG_WARN_ENUM_CONVERSION = YES;
				CLANG_WARN_INFINITE_RECURSION = YES;
				CLANG_WARN_INT_CONVERSION = YES;
				CLANG_WARN_NON_LITERAL_NULL_CONVERSION = YES;
				CLANG_WARN_OBJC_IMPLICIT_RETAIN_SELF = YES;
				CLANG_WARN_OBJC_LITERAL_CONVERSION = YES;
				CLANG_WARN_OBJC_ROOT_CLASS = YES_ERROR;
				CLANG_WARN_QUOTED_INCLUDE_IN_FRAMEWORK_HEADER = YES;
				CLANG_WARN_RANGE_LOOP_ANALYSIS = YES;
				CLANG_WARN_STRICT_PROTOTYPES = YES;
				CLANG_WARN_SUSPICIOUS_MOVE = YES;
				CLANG_WARN_UNGUARDED_AVAILABILITY = YES_AGGRESSIVE;
				CLANG_WARN_UNREACHABLE_CODE = YES;
				CLANG_WARN__DUPLICATE_METHOD_MATCH = YES;
				COPY_PHASE_STRIP = NO;
				DEBUG_INFORMATION_FORMAT = dwarf;
				ENABLE_STRICT_OBJC_MSGSEND = YES;
				ENABLE_TESTABILITY = YES;
				GCC_C_LANGUAGE_STANDARD = gnu11;
				GCC_DYNAMIC_NO_PIC = NO;
				GCC_NO_COMMON_BLOCKS = YES;
				GCC_OPTIMIZATION_LEVEL = 0;
				GCC_PREPROCESSOR_DEFINITIONS = (
					"DEBUG=1",
					"$(inherited)",
				);
				GCC_WARN_64_TO_32_BIT_CONVERSION = YES;
				GCC_WARN_ABOUT_RETURN_TYPE = YES_ERROR;
				GCC_WARN_UNDECLARED_SELECTOR = YES;
				GCC_WARN_UNINITIALIZED_AUTOS = YES_AGGRESSIVE;
				GCC_WARN_UNUSED_FUNCTION = YES;
				GCC_WARN_UNUSED_VARIABLE = YES;
				IPHONEOS_DEPLOYMENT_TARGET = 16.4;
				MTL_ENABLE_DEBUG_INFO = INCLUDE_SOURCE;
				MTL_FAST_MATH = YES;
				ONLY_ACTIVE_ARCH = YES;
				SDKROOT = iphoneos;
				SWIFT_ACTIVE_COMPILATION_CONDITIONS = DEBUG;
				SWIFT_OPTIMIZATION_LEVEL = "-Onone";
			};
			name = Debug;
		};
		2DDFA0C72A0154AB005AA17F /* Release */ = {
			isa = XCBuildConfiguration;
			buildSettings = {
				ALWAYS_SEARCH_USER_PATHS = NO;
				CLANG_ANALYZER_NONNULL = YES;
				CLANG_ANALYZER_NUMBER_OBJECT_CONVERSION = YES_AGGRESSIVE;
				CLANG_CXX_LANGUAGE_STANDARD = "gnu++20";
				CLANG_ENABLE_MODULES = YES;
				CLANG_ENABLE_OBJC_ARC = YES;
				CLANG_ENABLE_OBJC_WEAK = YES;
				CLANG_WARN_BLOCK_CAPTURE_AUTORELEASING = YES;
				CLANG_WARN_BOOL_CONVERSION = YES;
				CLANG_WARN_COMMA = YES;
				CLANG_WARN_CONSTANT_CONVERSION = YES;
				CLANG_WARN_DEPRECATED_OBJC_IMPLEMENTATIONS = YES;
				CLANG_WARN_DIRECT_OBJC_ISA_USAGE = YES_ERROR;
				CLANG_WARN_DOCUMENTATION_COMMENTS = YES;
				CLANG_WARN_EMPTY_BODY = YES;
				CLANG_WARN_ENUM_CONVERSION = YES;
				CLANG_WARN_INFINITE_RECURSION = YES;
				CLANG_WARN_INT_CONVERSION = YES;
				CLANG_WARN_NON_LITERAL_NULL_CONVERSION = YES;
				CLANG_WARN_OBJC_IMPLICIT_RETAIN_SELF = YES;
				CLANG_WARN_OBJC_LITERAL_CONVERSION = YES;
				CLANG_WARN_OBJC_ROOT_CLASS = YES_ERROR;
				CLANG_WARN_QUOTED_INCLUDE_IN_FRAMEWORK_HEADER = YES;
				CLANG_WARN_RANGE_LOOP_ANALYSIS = YES;
				CLANG_WARN_STRICT_PROTOTYPES = YES;
				CLANG_WARN_SUSPICIOUS_MOVE = YES;
				CLANG_WARN_UNGUARDED_AVAILABILITY = YES_AGGRESSIVE;
				CLANG_WARN_UNREACHABLE_CODE = YES;
				CLANG_WARN__DUPLICATE_METHOD_MATCH = YES;
				COPY_PHASE_STRIP = NO;
				DEBUG_INFORMATION_FORMAT = "dwarf-with-dsym";
				ENABLE_NS_ASSERTIONS = NO;
				ENABLE_STRICT_OBJC_MSGSEND = YES;
				GCC_C_LANGUAGE_STANDARD = gnu11;
				GCC_NO_COMMON_BLOCKS = YES;
				GCC_WARN_64_TO_32_BIT_CONVERSION = YES;
				GCC_WARN_ABOUT_RETURN_TYPE = YES_ERROR;
				GCC_WARN_UNDECLARED_SELECTOR = YES;
				GCC_WARN_UNINITIALIZED_AUTOS = YES_AGGRESSIVE;
				GCC_WARN_UNUSED_FUNCTION = YES;
				GCC_WARN_UNUSED_VARIABLE = YES;
				IPHONEOS_DEPLOYMENT_TARGET = 16.4;
				MTL_ENABLE_DEBUG_INFO = NO;
				MTL_FAST_MATH = YES;
				SDKROOT = iphoneos;
				SWIFT_COMPILATION_MODE = wholemodule;
				SWIFT_OPTIMIZATION_LEVEL = "-O";
				VALIDATE_PRODUCT = YES;
			};
			name = Release;
		};
		2DDFA0C92A0154AB005AA17F /* Debug */ = {
			isa = XCBuildConfiguration;
			buildSettings = {
				ASSETCATALOG_COMPILER_APPICON_NAME = AppIcon;
				ASSETCATALOG_COMPILER_GLOBAL_ACCENT_COLOR_NAME = AccentColor;
				CODE_SIGN_STYLE = Automatic;
				CURRENT_PROJECT_VERSION = 1;
				DEVELOPMENT_TEAM = 5357NHCGPZ;
				GENERATE_INFOPLIST_FILE = YES;
				INFOPLIST_FILE = WeatherApp/Info.plist;
				INFOPLIST_KEY_UIApplicationSupportsIndirectInputEvents = YES;
				INFOPLIST_KEY_UILaunchStoryboardName = LaunchScreen;
				INFOPLIST_KEY_UIMainStoryboardFile = Main;
				INFOPLIST_KEY_UISupportedInterfaceOrientations_iPad = "UIInterfaceOrientationPortrait UIInterfaceOrientationPortraitUpsideDown UIInterfaceOrientationLandscapeLeft UIInterfaceOrientationLandscapeRight";
				INFOPLIST_KEY_UISupportedInterfaceOrientations_iPhone = "UIInterfaceOrientationPortrait UIInterfaceOrientationLandscapeLeft UIInterfaceOrientationLandscapeRight";
				LD_RUNPATH_SEARCH_PATHS = (
					"$(inherited)",
					"@executable_path/Frameworks",
				);
				MARKETING_VERSION = 1.0;
				PRODUCT_BUNDLE_IDENTIFIER = com.bakiucan.WeatherApp;
				PRODUCT_NAME = "$(TARGET_NAME)";
				SWIFT_EMIT_LOC_STRINGS = YES;
				SWIFT_VERSION = 5.0;
				TARGETED_DEVICE_FAMILY = "1,2";
			};
			name = Debug;
		};
		2DDFA0CA2A0154AB005AA17F /* Release */ = {
			isa = XCBuildConfiguration;
			buildSettings = {
				ASSETCATALOG_COMPILER_APPICON_NAME = AppIcon;
				ASSETCATALOG_COMPILER_GLOBAL_ACCENT_COLOR_NAME = AccentColor;
				CODE_SIGN_STYLE = Automatic;
				CURRENT_PROJECT_VERSION = 1;
				DEVELOPMENT_TEAM = 5357NHCGPZ;
				GENERATE_INFOPLIST_FILE = YES;
				INFOPLIST_FILE = WeatherApp/Info.plist;
				INFOPLIST_KEY_UIApplicationSupportsIndirectInputEvents = YES;
				INFOPLIST_KEY_UILaunchStoryboardName = LaunchScreen;
				INFOPLIST_KEY_UIMainStoryboardFile = Main;
				INFOPLIST_KEY_UISupportedInterfaceOrientations_iPad = "UIInterfaceOrientationPortrait UIInterfaceOrientationPortraitUpsideDown UIInterfaceOrientationLandscapeLeft UIInterfaceOrientationLandscapeRight";
				INFOPLIST_KEY_UISupportedInterfaceOrientations_iPhone = "UIInterfaceOrientationPortrait UIInterfaceOrientationLandscapeLeft UIInterfaceOrientationLandscapeRight";
				LD_RUNPATH_SEARCH_PATHS = (
					"$(inherited)",
					"@executable_path/Frameworks",
				);
				MARKETING_VERSION = 1.0;
				PRODUCT_BUNDLE_IDENTIFIER = com.bakiucan.WeatherApp;
				PRODUCT_NAME = "$(TARGET_NAME)";
				SWIFT_EMIT_LOC_STRINGS = YES;
				SWIFT_VERSION = 5.0;
				TARGETED_DEVICE_FAMILY = "1,2";
			};
			name = Release;
		};
		2DDFA0CC2A0154AB005AA17F /* Debug */ = {
			isa = XCBuildConfiguration;
			buildSettings = {
				ALWAYS_EMBED_SWIFT_STANDARD_LIBRARIES = YES;
				BUNDLE_LOADER = "$(TEST_HOST)";
				CODE_SIGN_STYLE = Automatic;
				CURRENT_PROJECT_VERSION = 1;
				DEVELOPMENT_TEAM = 5357NHCGPZ;
				GENERATE_INFOPLIST_FILE = YES;
				IPHONEOS_DEPLOYMENT_TARGET = 16.4;
				MARKETING_VERSION = 1.0;
				PRODUCT_BUNDLE_IDENTIFIER = com.bakiucan.WeatherAppTests;
				PRODUCT_NAME = "$(TARGET_NAME)";
				SWIFT_EMIT_LOC_STRINGS = NO;
				SWIFT_VERSION = 5.0;
				TARGETED_DEVICE_FAMILY = "1,2";
				TEST_HOST = "$(BUILT_PRODUCTS_DIR)/WeatherApp.app/$(BUNDLE_EXECUTABLE_FOLDER_PATH)/WeatherApp";
			};
			name = Debug;
		};
		2DDFA0CD2A0154AB005AA17F /* Release */ = {
			isa = XCBuildConfiguration;
			buildSettings = {
				ALWAYS_EMBED_SWIFT_STANDARD_LIBRARIES = YES;
				BUNDLE_LOADER = "$(TEST_HOST)";
				CODE_SIGN_STYLE = Automatic;
				CURRENT_PROJECT_VERSION = 1;
				DEVELOPMENT_TEAM = 5357NHCGPZ;
				GENERATE_INFOPLIST_FILE = YES;
				IPHONEOS_DEPLOYMENT_TARGET = 16.4;
				MARKETING_VERSION = 1.0;
				PRODUCT_BUNDLE_IDENTIFIER = com.bakiucan.WeatherAppTests;
				PRODUCT_NAME = "$(TARGET_NAME)";
				SWIFT_EMIT_LOC_STRINGS = NO;
				SWIFT_VERSION = 5.0;
				TARGETED_DEVICE_FAMILY = "1,2";
				TEST_HOST = "$(BUILT_PRODUCTS_DIR)/WeatherApp.app/$(BUNDLE_EXECUTABLE_FOLDER_PATH)/WeatherApp";
			};
			name = Release;
		};
		2DDFA0CF2A0154AB005AA17F /* Debug */ = {
			isa = XCBuildConfiguration;
			buildSettings = {
				ALWAYS_EMBED_SWIFT_STANDARD_LIBRARIES = YES;
				CODE_SIGN_STYLE = Automatic;
				CURRENT_PROJECT_VERSION = 1;
				DEVELOPMENT_TEAM = 5357NHCGPZ;
				GENERATE_INFOPLIST_FILE = YES;
				MARKETING_VERSION = 1.0;
				PRODUCT_BUNDLE_IDENTIFIER = com.bakiucan.WeatherAppUITests;
				PRODUCT_NAME = "$(TARGET_NAME)";
				SWIFT_EMIT_LOC_STRINGS = NO;
				SWIFT_VERSION = 5.0;
				TARGETED_DEVICE_FAMILY = "1,2";
				TEST_TARGET_NAME = WeatherApp;
			};
			name = Debug;
		};
		2DDFA0D02A0154AB005AA17F /* Release */ = {
			isa = XCBuildConfiguration;
			buildSettings = {
				ALWAYS_EMBED_SWIFT_STANDARD_LIBRARIES = YES;
				CODE_SIGN_STYLE = Automatic;
				CURRENT_PROJECT_VERSION = 1;
				DEVELOPMENT_TEAM = 5357NHCGPZ;
				GENERATE_INFOPLIST_FILE = YES;
				MARKETING_VERSION = 1.0;
				PRODUCT_BUNDLE_IDENTIFIER = com.bakiucan.WeatherAppUITests;
				PRODUCT_NAME = "$(TARGET_NAME)";
				SWIFT_EMIT_LOC_STRINGS = NO;
				SWIFT_VERSION = 5.0;
				TARGETED_DEVICE_FAMILY = "1,2";
				TEST_TARGET_NAME = WeatherApp;
			};
			name = Release;
		};
/* End XCBuildConfiguration section */

/* Begin XCConfigurationList section */
		2DDFA0962A0154A9005AA17F /* Build configuration list for PBXProject "WeatherApp" */ = {
			isa = XCConfigurationList;
			buildConfigurations = (
				2DDFA0C62A0154AB005AA17F /* Debug */,
				2DDFA0C72A0154AB005AA17F /* Release */,
			);
			defaultConfigurationIsVisible = 0;
			defaultConfigurationName = Release;
		};
		2DDFA0C82A0154AB005AA17F /* Build configuration list for PBXNativeTarget "WeatherApp" */ = {
			isa = XCConfigurationList;
			buildConfigurations = (
				2DDFA0C92A0154AB005AA17F /* Debug */,
				2DDFA0CA2A0154AB005AA17F /* Release */,
			);
			defaultConfigurationIsVisible = 0;
			defaultConfigurationName = Release;
		};
		2DDFA0CB2A0154AB005AA17F /* Build configuration list for PBXNativeTarget "WeatherAppTests" */ = {
			isa = XCConfigurationList;
			buildConfigurations = (
				2DDFA0CC2A0154AB005AA17F /* Debug */,
				2DDFA0CD2A0154AB005AA17F /* Release */,
			);
			defaultConfigurationIsVisible = 0;
			defaultConfigurationName = Release;
		};
		2DDFA0CE2A0154AB005AA17F /* Build configuration list for PBXNativeTarget "WeatherAppUITests" */ = {
			isa = XCConfigurationList;
			buildConfigurations = (
				2DDFA0CF2A0154AB005AA17F /* Debug */,
				2DDFA0D02A0154AB005AA17F /* Release */,
			);
			defaultConfigurationIsVisible = 0;
			defaultConfigurationName = Release;
		};
/* End XCConfigurationList section */

/* Begin XCVersionGroup section */
		2DDFA0A72A0154A9005AA17F /* WeatherApp.xcdatamodeld */ = {
			isa = XCVersionGroup;
			children = (
				2DDFA0A82A0154A9005AA17F /* WeatherApp.xcdatamodel */,
			);
			currentVersion = 2DDFA0A82A0154A9005AA17F /* WeatherApp.xcdatamodel */;
			path = WeatherApp.xcdatamodeld;
			sourceTree = "<group>";
			versionGroupType = wrapper.xcdatamodel;
		};
/* End XCVersionGroup section */
	};
	rootObject = 2DDFA0932A0154A9005AA17F /* Project object */;
}
